
Microsoft Visual Studio Solution File, Format Version 12.00
# Visual Studio Version 16
VisualStudioVersion = 16.0.30717.126
MinimumVisualStudioVersion = 10.0.40219.1
Project("{FAE04EC0-301F-11D3-BF4B-00C04F79EFBC}") = "RuletapruebaAPI", "RuletapruebaAPI\RuletapruebaAPI.csproj", "{904DB27E-773F-4568-B9A2-65E0AC940BA5}"
EndProject
Global
	GlobalSection(SolutionConfigurationPlatforms) = preSolution
		Debug|Any CPU = Debug|Any CPU
		Release|Any CPU = Release|Any CPU
	EndGlobalSection
	GlobalSection(ProjectConfigurationPlatforms) = postSolution
		{904DB27E-773F-4568-B9A2-65E0AC940BA5}.Debug|Any CPU.ActiveCfg = Debug|Any CPU
		{904DB27E-773F-4568-B9A2-65E0AC940BA5}.Debug|Any CPU.Build.0 = Debug|Any CPU
		{904DB27E-773F-4568-B9A2-65E0AC940BA5}.Release|Any CPU.ActiveCfg = Release|Any CPU
		{904DB27E-773F-4568-B9A2-65E0AC940BA5}.Release|Any CPU.Build.0 = Release|Any CPU
	EndGlobalSection
	GlobalSection(SolutionProperties) = preSolution
		HideSolutionNode = FALSE
	EndGlobalSection
	GlobalSection(ExtensibilityGlobals) = postSolution
		SolutionGuid = {67C2BE09-55D1-4A1E-8D80-F0BFC77A6A21}
	EndGlobalSection
EndGlobal
